dependencies:
- name: common
  repository: https://charts.bitnami.com/bitnami
  version: 1.13.0
- name: mysql
  repository: https://charts.bitnami.com/bitnami
  version: 8.8.27
- name: minio
  repository: https://charts.bitnami.com/bitnami
  version: 11.1.4
digest: sha256:4d09758cfa008df8e0b16b153d5fb25ac9d0b42cdb4419e6b57e003c3f8d87f2
generated: "2022-04-14T13:33:48.685347+08:00"
