dependencies:
- name: common
  repository: https://charts.bitnami.com/bitnami
  version: 1.13.0
- name: hostpath-provisioner
  repository: https://charts.rimusz.net
  version: 0.2.13
- name: juicefs-csi-driver
  repository: https://juicedata.github.io/juicefs-csi-driver/
  version: 0.8.1
- name: redis
  repository: https://charts.bitnami.com/bitnami
  version: 16.5.4
- name: jupyterhub
  repository: https://charts.bitnami.com/bitnami
  version: 1.1.2
- name: kubeflow-pipelines
  repository: https://paddleflow-public.hkg.bcebos.com/charts
  version: 0.1.0
- name: knative-serving
  repository: https://paddleflow-public.hkg.bcebos.com/charts
  version: 0.1.0
digest: sha256:7b61f93c68e36769fbf922d191ca02cfff111de1aa33a3ed8dd3537f6278f44c
generated: "2022-03-30T20:10:54.246854+08:00"
